{
  "name": "personal-website",
  "version": "3.0.0",
  "lockfileVersion": 1,
  "requires": true,
  "dependencies": {
    "bulma-start": {
      "version": "0.0.3",
      "resolved": "https://registry.npmjs.org/bulma-start/-/bulma-start-0.0.3.tgz",
      "integrity": "sha512-LJchFdLKUAavS4c8qELN+5FoOicttX8fi1+M2mLZQyf+ru8tcooqQ3j9kdJq1p/FeVyfOLi4vtXP1b3k4tQdtA=="
    },
    "smoothscroll-polyfill": {
      "version": "0.4.4",
      "resolved": "https://registry.npmjs.org/smoothscroll-polyfill/-/smoothscroll-polyfill-0.4.4.tgz",
      "integrity": "sha512-TK5ZA9U5RqCwMpfoMq/l1mrH0JAR7y7KRvOBx0n2869aLxch+gT9GhN3yUfjiw+d/DiF1mKo14+hd62JyMmoBg=="
    }
  }
}
